
Microsoft Visual Studio Solution File, Format Version 12.00
# Visual Studio Version 17
VisualStudioVersion = 17.7.34009.444
MinimumVisualStudioVersion = 10.0.40219.1
Project("{FAE04EC0-301F-11D3-BF4B-00C04F79EFBC}") = "Rock, Paper, Scissor", "Rock, Paper, Scissor\Rock, Paper, Scissor.csproj", "{0682593D-5929-48A0-B242-82D98DBC7C53}"
EndProject
Global
	GlobalSection(SolutionConfigurationPlatforms) = preSolution
		Debug|Any CPU = Debug|Any CPU
		Release|Any CPU = Release|Any CPU
	EndGlobalSection
	GlobalSection(ProjectConfigurationPlatforms) = postSolution
		{0682593D-5929-48A0-B242-82D98DBC7C53}.Debug|Any CPU.ActiveCfg = Debug|Any CPU
		{0682593D-5929-48A0-B242-82D98DBC7C53}.Debug|Any CPU.Build.0 = Debug|Any CPU
		{0682593D-5929-48A0-B242-82D98DBC7C53}.Release|Any CPU.ActiveCfg = Release|Any CPU
		{0682593D-5929-48A0-B242-82D98DBC7C53}.Release|Any CPU.Build.0 = Release|Any CPU
	EndGlobalSection
	GlobalSection(SolutionProperties) = preSolution
		HideSolutionNode = FALSE
	EndGlobalSection
	GlobalSection(ExtensibilityGlobals) = postSolution
		SolutionGuid = {66A22A7B-2552-4942-95A9-662D01524FB9}
	EndGlobalSection
EndGlobal
